
Microsoft Visual Studio Solution File, Format Version 12.00
# Visual Studio 14
VisualStudioVersion = 14.0.25420.1
MinimumVisualStudioVersion = 10.0.40219.1
Project("{FAE04EC0-301F-11D3-BF4B-00C04F79EFBC}") = "WeatherApp.Android", "WeatherApp\WeatherApp.Android\WeatherApp.Android.csproj", "{896D4191-28BC-4B73-8465-60C3BABA5C10}"
EndProject
Project("{FAE04EC0-301F-11D3-BF4B-00C04F79EFBC}") = "WeatherApp", "WeatherApp\WeatherApp\WeatherApp.csproj", "{7A7E848C-E619-4326-B352-FD02D930813C}"
EndProject
Project("{FAE04EC0-301F-11D3-BF4B-00C04F79EFBC}") = "WeatherApp.UWP", "WeatherApp\WeatherApp.UWP\WeatherApp.UWP.csproj", "{BF785630-1B4A-4954-AE58-E81BAD3DBAED}"
EndProject
Project("{FAE04EC0-301F-11D3-BF4B-00C04F79EFBC}") = "WeatherApp.iOS", "WeatherApp\WeatherApp.iOS\WeatherApp.iOS.csproj", "{F123204D-06C0-4D02-AEDE-0AB5EA29510D}"
EndProject
Global
	GlobalSection(SolutionConfigurationPlatforms) = preSolution
		Ad-Hoc|Any CPU = Ad-Hoc|Any CPU
		Ad-Hoc|ARM = Ad-Hoc|ARM
		Ad-Hoc|iPhone = Ad-Hoc|iPhone
		Ad-Hoc|iPhoneSimulator = Ad-Hoc|iPhoneSimulator
		Ad-Hoc|x64 = Ad-Hoc|x64
		Ad-Hoc|x86 = Ad-Hoc|x86
		AppStore|Any CPU = AppStore|Any CPU
		AppStore|ARM = AppStore|ARM
		AppStore|iPhone = AppStore|iPhone
		AppStore|iPhoneSimulator = AppStore|iPhoneSimulator
		AppStore|x64 = AppStore|x64
		AppStore|x86 = AppStore|x86
		Debug|Any CPU = Debug|Any CPU
		Debug|ARM = Debug|ARM
		Debug|iPhone = Debug|iPhone
		Debug|iPhoneSimulator = Debug|iPhoneSimulator
		Debug|x64 = Debug|x64
		Debug|x86 = Debug|x86
		Release|Any CPU = Release|Any CPU
		Release|ARM = Release|ARM
		Release|iPhone = Release|iPhone
		Release|iPhoneSimulator = Release|iPhoneSimulator
		Release|x64 = Release|x64
		Release|x86 = Release|x86
	EndGlobalSection
	GlobalSection(ProjectConfigurationPlatforms) = postSolution
		{896D4191-28BC-4B73-8465-60C3BABA5C10}.Ad-Hoc|Any CPU.ActiveCfg = Release|Any CPU
		{896D4191-28BC-4B73-8465-60C3BABA5C10}.Ad-Hoc|Any CPU.Build.0 = Release|Any CPU
		{896D4191-28BC-4B73-8465-60C3BABA5C10}.Ad-Hoc|Any CPU.Deploy.0 = Release|Any CPU
		{896D4191-28BC-4B73-8465-60C3BABA5C10}.Ad-Hoc|ARM.ActiveCfg = Release|Any CPU
		{896D4191-28BC-4B73-8465-60C3BABA5C10}.Ad-Hoc|ARM.Build.0 = Release|Any CPU
		{896D4191-28BC-4B73-8465-60C3BABA5C10}.Ad-Hoc|ARM.Deploy.0 = Release|Any CPU
		{896D4191-28BC-4B73-8465-60C3BABA5C10}.Ad-Hoc|iPhone.ActiveCfg = Release|Any CPU
		{896D4191-28BC-4B73-8465-60C3BABA5C10}.Ad-Hoc|iPhone.Build.0 = Release|Any CPU
		{896D4191-28BC-4B73-8465-60C3BABA5C10}.Ad-Hoc|iPhone.Deploy.0 = Release|Any CPU
		{896D4191-28BC-4B73-8465-60C3BABA5C10}.Ad-Hoc|iPhoneSimulator.ActiveCfg = Release|Any CPU
		{896D4191-28BC-4B73-8465-60C3BABA5C10}.Ad-Hoc|iPhoneSimulator.Build.0 = Release|Any CPU
		{896D4191-28BC-4B73-8465-60C3BABA5C10}.Ad-Hoc|iPhoneSimulator.Deploy.0 = Release|Any CPU
		{896D4191-28BC-4B73-8465-60C3BABA5C10}.Ad-Hoc|x64.ActiveCfg = Release|Any CPU
		{896D4191-28BC-4B73-8465-60C3BABA5C10}.Ad-Hoc|x64.Build.0 = Release|Any CPU
		{896D4191-28BC-4B73-8465-60C3BABA5C10}.Ad-Hoc|x64.Deploy.0 = Release|Any CPU
		{896D4191-28BC-4B73-8465-60C3BABA5C10}.Ad-Hoc|x86.ActiveCfg = Release|Any CPU
		{896D4191-28BC-4B73-8465-60C3BABA5C10}.Ad-Hoc|x86.Build.0 = Release|Any CPU
		{896D4191-28BC-4B73-8465-60C3BABA5C10}.Ad-Hoc|x86.Deploy.0 = Release|Any CPU
		{896D4191-28BC-4B73-8465-60C3BABA5C10}.AppStore|Any CPU.ActiveCfg = Release|Any CPU
		{896D4191-28BC-4B73-8465-60C3BABA5C10}.AppStore|Any CPU.Build.0 = Release|Any CPU
		{896D4191-28BC-4B73-8465-60C3BABA5C10}.AppStore|Any CPU.Deploy.0 = Release|Any CPU
		{896D4191-28BC-4B73-8465-60C3BABA5C10}.AppStore|ARM.ActiveCfg = Release|Any CPU
		{896D4191-28BC-4B73-8465-60C3BABA5C10}.AppStore|ARM.Build.0 = Release|Any CPU
		{896D4191-28BC-4B73-8465-60C3BABA5C10}.AppStore|ARM.Deploy.0 = Release|Any CPU
		{896D4191-28BC-4B73-8465-60C3BABA5C10}.AppStore|iPhone.ActiveCfg = Release|Any CPU
		{896D4191-28BC-4B73-8465-60C3BABA5C10}.AppStore|iPhone.Build.0 = Release|Any CPU
		{896D4191-28BC-4B73-8465-60C3BABA5C10}.AppStore|iPhone.Deploy.0 = Release|Any CPU
		{896D4191-28BC-4B73-8465-60C3BABA5C10}.AppStore|iPhoneSimulator.ActiveCfg = Release|Any CPU
		{896D4191-28BC-4B73-8465-60C3BABA5C10}.AppStore|iPhoneSimulator.Build.0 = Release|Any CPU
		{896D4191-28BC-4B73-8465-60C3BABA5C10}.AppStore|iPhoneSimulator.Deploy.0 = Release|Any CPU
		{896D4191-28BC-4B73-8465-60C3BABA5C10}.AppStore|x64.ActiveCfg = Release|Any CPU
		{896D4191-28BC-4B73-8465-60C3BABA5C10}.AppStore|x64.Build.0 = Release|Any CPU
		{896D4191-28BC-4B73-8465-60C3BABA5C10}.AppStore|x64.Deploy.0 = Release|Any CPU
		{896D4191-28BC-4B73-8465-60C3BABA5C10}.AppStore|x86.ActiveCfg = Release|Any CPU
		{896D4191-28BC-4B73-8465-60C3BABA5C10}.AppStore|x86.Build.0 = Release|Any CPU
		{896D4191-28BC-4B73-8465-60C3BABA5C10}.AppStore|x86.Deploy.0 = Release|Any CPU
		{896D4191-28BC-4B73-8465-60C3BABA5C10}.Debug|Any CPU.ActiveCfg = Debug|Any CPU
		{896D4191-28BC-4B73-8465-60C3BABA5C10}.Debug|Any CPU.Build.0 = Debug|Any CPU
		{896D4191-28BC-4B73-8465-60C3BABA5C10}.Debug|Any CPU.Deploy.0 = Debug|Any CPU
		{896D4191-28BC-4B73-8465-60C3BABA5C10}.Debug|ARM.ActiveCfg = Debug|Any CPU
		{896D4191-28BC-4B73-8465-60C3BABA5C10}.Debug|ARM.Build.0 = Debug|Any CPU
		{896D4191-28BC-4B73-8465-60C3BABA5C10}.Debug|ARM.Deploy.0 = Debug|Any CPU
		{896D4191-28BC-4B73-8465-60C3BABA5C10}.Debug|iPhone.ActiveCfg = Debug|Any CPU
		{896D4191-28BC-4B73-8465-60C3BABA5C10}.Debug|iPhone.Build.0 = Debug|Any CPU
		{896D4191-28BC-4B73-8465-60C3BABA5C10}.Debug|iPhone.Deploy.0 = Debug|Any CPU
		{896D4191-28BC-4B73-8465-60C3BABA5C10}.Debug|iPhoneSimulator.ActiveCfg = Debug|Any CPU
		{896D4191-28BC-4B73-8465-60C3BABA5C10}.Debug|iPhoneSimulator.Build.0 = Debug|Any CPU
		{896D4191-28BC-4B73-8465-60C3BABA5C10}.Debug|iPhoneSimulator.Deploy.0 = Debug|Any CPU
		{896D4191-28BC-4B73-8465-60C3BABA5C10}.Debug|x64.ActiveCfg = Debug|Any CPU
		{896D4191-28BC-4B73-8465-60C3BABA5C10}.Debug|x64.Build.0 = Debug|Any CPU
		{896D4191-28BC-4B73-8465-60C3BABA5C10}.Debug|x64.Deploy.0 = Debug|Any CPU
		{896D4191-28BC-4B73-8465-60C3BABA5C10}.Debug|x86.ActiveCfg = Debug|Any CPU
		{896D4191-28BC-4B73-8465-60C3BABA5C10}.Debug|x86.Build.0 = Debug|Any CPU
		{896D4191-28BC-4B73-8465-60C3BABA5C10}.Debug|x86.Deploy.0 = Debug|Any CPU
		{896D4191-28BC-4B73-8465-60C3BABA5C10}.Release|Any CPU.ActiveCfg = Release|Any CPU
		{896D4191-28BC-4B73-8465-60C3BABA5C10}.Release|Any CPU.Build.0 = Release|Any CPU
		{896D4191-28BC-4B73-8465-60C3BABA5C10}.Release|Any CPU.Deploy.0 = Release|Any CPU
		{896D4191-28BC-4B73-8465-60C3BABA5C10}.Release|ARM.ActiveCfg = Release|Any CPU
		{896D4191-28BC-4B73-8465-60C3BABA5C10}.Release|ARM.Build.0 = Release|Any CPU
		{896D4191-28BC-4B73-8465-60C3BABA5C10}.Release|ARM.Deploy.0 = Release|Any CPU
		{896D4191-28BC-4B73-8465-60C3BABA5C10}.Release|iPhone.ActiveCfg = Release|Any CPU
		{896D4191-28BC-4B73-8465-60C3BABA5C10}.Release|iPhone.Build.0 = Release|Any CPU
		{896D4191-28BC-4B73-8465-60C3BABA5C10}.Release|iPhone.Deploy.0 = Release|Any CPU
		{896D4191-28BC-4B73-8465-60C3BABA5C10}.Release|iPhoneSimulator.ActiveCfg = Release|Any CPU
		{896D4191-28BC-4B73-8465-60C3BABA5C10}.Release|iPhoneSimulator.Build.0 = Release|Any CPU
		{896D4191-28BC-4B73-8465-60C3BABA5C10}.Release|iPhoneSimulator.Deploy.0 = Release|Any CPU
		{896D4191-28BC-4B73-8465-60C3BABA5C10}.Release|x64.ActiveCfg = Release|Any CPU
		{896D4191-28BC-4B73-8465-60C3BABA5C10}.Release|x64.Build.0 = Release|Any CPU
		{896D4191-28BC-4B73-8465-60C3BABA5C10}.Release|x64.Deploy.0 = Release|Any CPU
		{896D4191-28BC-4B73-8465-60C3BABA5C10}.Release|x86.ActiveCfg = Release|Any CPU
		{896D4191-28BC-4B73-8465-60C3BABA5C10}.Release|x86.Build.0 = Release|Any CPU
		{896D4191-28BC-4B73-8465-60C3BABA5C10}.Release|x86.Deploy.0 = Release|Any CPU
		{7A7E848C-E619-4326-B352-FD02D930813C}.Ad-Hoc|Any CPU.ActiveCfg = Release|Any CPU
		{7A7E848C-E619-4326-B352-FD02D930813C}.Ad-Hoc|Any CPU.Build.0 = Release|Any CPU
		{7A7E848C-E619-4326-B352-FD02D930813C}.Ad-Hoc|ARM.ActiveCfg = Release|Any CPU
		{7A7E848C-E619-4326-B352-FD02D930813C}.Ad-Hoc|ARM.Build.0 = Release|Any CPU
		{7A7E848C-E619-4326-B352-FD02D930813C}.Ad-Hoc|iPhone.ActiveCfg = Release|Any CPU
		{7A7E848C-E619-4326-B352-FD02D930813C}.Ad-Hoc|iPhone.Build.0 = Release|Any CPU
		{7A7E848C-E619-4326-B352-FD02D930813C}.Ad-Hoc|iPhoneSimulator.ActiveCfg = Release|Any CPU
		{7A7E848C-E619-4326-B352-FD02D930813C}.Ad-Hoc|iPhoneSimulator.Build.0 = Release|Any CPU
		{7A7E848C-E619-4326-B352-FD02D930813C}.Ad-Hoc|x64.ActiveCfg = Release|Any CPU
		{7A7E848C-E619-4326-B352-FD02D930813C}.Ad-Hoc|x64.Build.0 = Release|Any CPU
		{7A7E848C-E619-4326-B352-FD02D930813C}.Ad-Hoc|x86.ActiveCfg = Release|Any CPU
		{7A7E848C-E619-4326-B352-FD02D930813C}.Ad-Hoc|x86.Build.0 = Release|Any CPU
		{7A7E848C-E619-4326-B352-FD02D930813C}.AppStore|Any CPU.ActiveCfg = Release|Any CPU
		{7A7E848C-E619-4326-B352-FD02D930813C}.AppStore|Any CPU.Build.0 = Release|Any CPU
		{7A7E848C-E619-4326-B352-FD02D930813C}.AppStore|ARM.ActiveCfg = Release|Any CPU
		{7A7E848C-E619-4326-B352-FD02D930813C}.AppStore|ARM.Build.0 = Release|Any CPU
		{7A7E848C-E619-4326-B352-FD02D930813C}.AppStore|iPhone.ActiveCfg = Release|Any CPU
		{7A7E848C-E619-4326-B352-FD02D930813C}.AppStore|iPhone.Build.0 = Release|Any CPU
		{7A7E848C-E619-4326-B352-FD02D930813C}.AppStore|iPhoneSimulator.ActiveCfg = Release|Any CPU
		{7A7E848C-E619-4326-B352-FD02D930813C}.AppStore|iPhoneSimulator.Build.0 = Release|Any CPU
		{7A7E848C-E619-4326-B352-FD02D930813C}.AppStore|x64.ActiveCfg = Release|Any CPU
		{7A7E848C-E619-4326-B352-FD02D930813C}.AppStore|x64.Build.0 = Release|Any CPU
		{7A7E848C-E619-4326-B352-FD02D930813C}.AppStore|x86.ActiveCfg = Release|Any CPU
		{7A7E848C-E619-4326-B352-FD02D930813C}.AppStore|x86.Build.0 = Release|Any CPU
		{7A7E848C-E619-4326-B352-FD02D930813C}.Debug|Any CPU.ActiveCfg = Debug|Any CPU
		{7A7E848C-E619-4326-B352-FD02D930813C}.Debug|Any CPU.Build.0 = Debug|Any CPU
		{7A7E848C-E619-4326-B352-FD02D930813C}.Debug|ARM.ActiveCfg = Debug|Any CPU
		{7A7E848C-E619-4326-B352-FD02D930813C}.Debug|ARM.Build.0 = Debug|Any CPU
		{7A7E848C-E619-4326-B352-FD02D930813C}.Debug|iPhone.ActiveCfg = Debug|Any CPU
		{7A7E848C-E619-4326-B352-FD02D930813C}.Debug|iPhone.Build.0 = Debug|Any CPU
		{7A7E848C-E619-4326-B352-FD02D930813C}.Debug|iPhoneSimulator.ActiveCfg = Debug|Any CPU
		{7A7E848C-E619-4326-B352-FD02D930813C}.Debug|iPhoneSimulator.Build.0 = Debug|Any CPU
		{7A7E848C-E619-4326-B352-FD02D930813C}.Debug|x64.ActiveCfg = Debug|Any CPU
		{7A7E848C-E619-4326-B352-FD02D930813C}.Debug|x64.Build.0 = Debug|Any CPU
		{7A7E848C-E619-4326-B352-FD02D930813C}.Debug|x86.ActiveCfg = Debug|Any CPU
		{7A7E848C-E619-4326-B352-FD02D930813C}.Debug|x86.Build.0 = Debug|Any CPU
		{7A7E848C-E619-4326-B352-FD02D930813C}.Release|Any CPU.ActiveCfg = Release|Any CPU
		{7A7E848C-E619-4326-B352-FD02D930813C}.Release|Any CPU.Build.0 = Release|Any CPU
		{7A7E848C-E619-4326-B352-FD02D930813C}.Release|ARM.ActiveCfg = Release|Any CPU
		{7A7E848C-E619-4326-B352-FD02D930813C}.Release|ARM.Build.0 = Release|Any CPU
		{7A7E848C-E619-4326-B352-FD02D930813C}.Release|iPhone.ActiveCfg = Release|Any CPU
		{7A7E848C-E619-4326-B352-FD02D930813C}.Release|iPhone.Build.0 = Release|Any CPU
		{7A7E848C-E619-4326-B352-FD02D930813C}.Release|iPhoneSimulator.ActiveCfg = Release|Any CPU
		{7A7E848C-E619-4326-B352-FD02D930813C}.Release|iPhoneSimulator.Build.0 = Release|Any CPU
		{7A7E848C-E619-4326-B352-FD02D930813C}.Release|x64.ActiveCfg = Release|Any CPU
		{7A7E848C-E619-4326-B352-FD02D930813C}.Release|x64.Build.0 = Release|Any CPU
		{7A7E848C-E619-4326-B352-FD02D930813C}.Release|x86.ActiveCfg = Release|Any CPU
		{7A7E848C-E619-4326-B352-FD02D930813C}.Release|x86.Build.0 = Release|Any CPU
		{BF785630-1B4A-4954-AE58-E81BAD3DBAED}.Ad-Hoc|Any CPU.ActiveCfg = Release|x86
		{BF785630-1B4A-4954-AE58-E81BAD3DBAED}.Ad-Hoc|Any CPU.Build.0 = Release|x86
		{BF785630-1B4A-4954-AE58-E81BAD3DBAED}.Ad-Hoc|Any CPU.Deploy.0 = Release|x86
		{BF785630-1B4A-4954-AE58-E81BAD3DBAED}.Ad-Hoc|ARM.ActiveCfg = Release|ARM
		{BF785630-1B4A-4954-AE58-E81BAD3DBAED}.Ad-Hoc|ARM.Build.0 = Release|ARM
		{BF785630-1B4A-4954-AE58-E81BAD3DBAED}.Ad-Hoc|ARM.Deploy.0 = Release|ARM
		{BF785630-1B4A-4954-AE58-E81BAD3DBAED}.Ad-Hoc|iPhone.ActiveCfg = Release|x86
		{BF785630-1B4A-4954-AE58-E81BAD3DBAED}.Ad-Hoc|iPhone.Build.0 = Release|x86
		{BF785630-1B4A-4954-AE58-E81BAD3DBAED}.Ad-Hoc|iPhone.Deploy.0 = Release|x86
		{BF785630-1B4A-4954-AE58-E81BAD3DBAED}.Ad-Hoc|iPhoneSimulator.ActiveCfg = Release|x86
		{BF785630-1B4A-4954-AE58-E81BAD3DBAED}.Ad-Hoc|iPhoneSimulator.Build.0 = Release|x86
		{BF785630-1B4A-4954-AE58-E81BAD3DBAED}.Ad-Hoc|iPhoneSimulator.Deploy.0 = Release|x86
		{BF785630-1B4A-4954-AE58-E81BAD3DBAED}.Ad-Hoc|x64.ActiveCfg = Release|x64
		{BF785630-1B4A-4954-AE58-E81BAD3DBAED}.Ad-Hoc|x64.Build.0 = Release|x64
		{BF785630-1B4A-4954-AE58-E81BAD3DBAED}.Ad-Hoc|x64.Deploy.0 = Release|x64
		{BF785630-1B4A-4954-AE58-E81BAD3DBAED}.Ad-Hoc|x86.ActiveCfg = Release|x86
		{BF785630-1B4A-4954-AE58-E81BAD3DBAED}.Ad-Hoc|x86.Build.0 = Release|x86
		{BF785630-1B4A-4954-AE58-E81BAD3DBAED}.Ad-Hoc|x86.Deploy.0 = Release|x86
		{BF785630-1B4A-4954-AE58-E81BAD3DBAED}.AppStore|Any CPU.ActiveCfg = Release|x86
		{BF785630-1B4A-4954-AE58-E81BAD3DBAED}.AppStore|Any CPU.Build.0 = Release|x86
		{BF785630-1B4A-4954-AE58-E81BAD3DBAED}.AppStore|Any CPU.Deploy.0 = Release|x86
		{BF785630-1B4A-4954-AE58-E81BAD3DBAED}.AppStore|ARM.ActiveCfg = Release|ARM
		{BF785630-1B4A-4954-AE58-E81BAD3DBAED}.AppStore|ARM.Build.0 = Release|ARM
		{BF785630-1B4A-4954-AE58-E81BAD3DBAED}.AppStore|ARM.Deploy.0 = Release|ARM
		{BF785630-1B4A-4954-AE58-E81BAD3DBAED}.AppStore|iPhone.ActiveCfg = Release|x86
		{BF785630-1B4A-4954-AE58-E81BAD3DBAED}.AppStore|iPhone.Build.0 = Release|x86
		{BF785630-1B4A-4954-AE58-E81BAD3DBAED}.AppStore|iPhone.Deploy.0 = Release|x86
		{BF785630-1B4A-4954-AE58-E81BAD3DBAED}.AppStore|iPhoneSimulator.ActiveCfg = Release|x86
		{BF785630-1B4A-4954-AE58-E81BAD3DBAED}.AppStore|iPhoneSimulator.Build.0 = Release|x86
		{BF785630-1B4A-4954-AE58-E81BAD3DBAED}.AppStore|iPhoneSimulator.Deploy.0 = Release|x86
		{BF785630-1B4A-4954-AE58-E81BAD3DBAED}.AppStore|x64.ActiveCfg = Release|x64
		{BF785630-1B4A-4954-AE58-E81BAD3DBAED}.AppStore|x64.Build.0 = Release|x64
		{BF785630-1B4A-4954-AE58-E81BAD3DBAED}.AppStore|x64.Deploy.0 = Release|x64
		{BF785630-1B4A-4954-AE58-E81BAD3DBAED}.AppStore|x86.ActiveCfg = Release|x86
		{BF785630-1B4A-4954-AE58-E81BAD3DBAED}.AppStore|x86.Build.0 = Release|x86
		{BF785630-1B4A-4954-AE58-E81BAD3DBAED}.AppStore|x86.Deploy.0 = Release|x86
		{BF785630-1B4A-4954-AE58-E81BAD3DBAED}.Debug|Any CPU.ActiveCfg = Debug|x86
		{BF785630-1B4A-4954-AE58-E81BAD3DBAED}.Debug|ARM.ActiveCfg = Debug|ARM
		{BF785630-1B4A-4954-AE58-E81BAD3DBAED}.Debug|ARM.Build.0 = Debug|ARM
		{BF785630-1B4A-4954-AE58-E81BAD3DBAED}.Debug|ARM.Deploy.0 = Debug|ARM
		{BF785630-1B4A-4954-AE58-E81BAD3DBAED}.Debug|iPhone.ActiveCfg = Debug|x86
		{BF785630-1B4A-4954-AE58-E81BAD3DBAED}.Debug|iPhoneSimulator.ActiveCfg = Debug|x86
		{BF785630-1B4A-4954-AE58-E81BAD3DBAED}.Debug|x64.ActiveCfg = Debug|x64
		{BF785630-1B4A-4954-AE58-E81BAD3DBAED}.Debug|x64.Build.0 = Debug|x64
		{BF785630-1B4A-4954-AE58-E81BAD3DBAED}.Debug|x64.Deploy.0 = Debug|x64
		{BF785630-1B4A-4954-AE58-E81BAD3DBAED}.Debug|x86.ActiveCfg = Debug|x86
		{BF785630-1B4A-4954-AE58-E81BAD3DBAED}.Debug|x86.Build.0 = Debug|x86
		{BF785630-1B4A-4954-AE58-E81BAD3DBAED}.Debug|x86.Deploy.0 = Debug|x86
		{BF785630-1B4A-4954-AE58-E81BAD3DBAED}.Release|Any CPU.ActiveCfg = Release|x86
		{BF785630-1B4A-4954-AE58-E81BAD3DBAED}.Release|ARM.ActiveCfg = Release|ARM
		{BF785630-1B4A-4954-AE58-E81BAD3DBAED}.Release|ARM.Build.0 = Release|ARM
		{BF785630-1B4A-4954-AE58-E81BAD3DBAED}.Release|ARM.Deploy.0 = Release|ARM
		{BF785630-1B4A-4954-AE58-E81BAD3DBAED}.Release|iPhone.ActiveCfg = Release|x86
		{BF785630-1B4A-4954-AE58-E81BAD3DBAED}.Release|iPhoneSimulator.ActiveCfg = Release|x86
		{BF785630-1B4A-4954-AE58-E81BAD3DBAED}.Release|x64.ActiveCfg = Release|x64
		{BF785630-1B4A-4954-AE58-E81BAD3DBAED}.Release|x64.Build.0 = Release|x64
		{BF785630-1B4A-4954-AE58-E81BAD3DBAED}.Release|x64.Deploy.0 = Release|x64
		{BF785630-1B4A-4954-AE58-E81BAD3DBAED}.Release|x86.ActiveCfg = Release|x86
		{BF785630-1B4A-4954-AE58-E81BAD3DBAED}.Release|x86.Build.0 = Release|x86
		{BF785630-1B4A-4954-AE58-E81BAD3DBAED}.Release|x86.Deploy.0 = Release|x86
		{F123204D-06C0-4D02-AEDE-0AB5EA29510D}.Ad-Hoc|Any CPU.ActiveCfg = Ad-Hoc|iPhone
		{F123204D-06C0-4D02-AEDE-0AB5EA29510D}.Ad-Hoc|ARM.ActiveCfg = Ad-Hoc|iPhone
		{F123204D-06C0-4D02-AEDE-0AB5EA29510D}.Ad-Hoc|iPhone.ActiveCfg = Ad-Hoc|iPhone
		{F123204D-06C0-4D02-AEDE-0AB5EA29510D}.Ad-Hoc|iPhone.Build.0 = Ad-Hoc|iPhone
		{F123204D-06C0-4D02-AEDE-0AB5EA29510D}.Ad-Hoc|iPhoneSimulator.ActiveCfg = Ad-Hoc|iPhoneSimulator
		{F123204D-06C0-4D02-AEDE-0AB5EA29510D}.Ad-Hoc|iPhoneSimulator.Build.0 = Ad-Hoc|iPhoneSimulator
		{F123204D-06C0-4D02-AEDE-0AB5EA29510D}.Ad-Hoc|x64.ActiveCfg = Ad-Hoc|iPhone
		{F123204D-06C0-4D02-AEDE-0AB5EA29510D}.Ad-Hoc|x86.ActiveCfg = Ad-Hoc|iPhone
		{F123204D-06C0-4D02-AEDE-0AB5EA29510D}.AppStore|Any CPU.ActiveCfg = AppStore|iPhone
		{F123204D-06C0-4D02-AEDE-0AB5EA29510D}.AppStore|ARM.ActiveCfg = AppStore|iPhone
		{F123204D-06C0-4D02-AEDE-0AB5EA29510D}.AppStore|iPhone.ActiveCfg = AppStore|iPhone
		{F123204D-06C0-4D02-AEDE-0AB5EA29510D}.AppStore|iPhone.Build.0 = AppStore|iPhone
		{F123204D-06C0-4D02-AEDE-0AB5EA29510D}.AppStore|iPhoneSimulator.ActiveCfg = AppStore|iPhoneSimulator
		{F123204D-06C0-4D02-AEDE-0AB5EA29510D}.AppStore|iPhoneSimulator.Build.0 = AppStore|iPhoneSimulator
		{F123204D-06C0-4D02-AEDE-0AB5EA29510D}.AppStore|x64.ActiveCfg = AppStore|iPhone
		{F123204D-06C0-4D02-AEDE-0AB5EA29510D}.AppStore|x86.ActiveCfg = AppStore|iPhone
		{F123204D-06C0-4D02-AEDE-0AB5EA29510D}.Debug|Any CPU.ActiveCfg = Debug|iPhone
		{F123204D-06C0-4D02-AEDE-0AB5EA29510D}.Debug|ARM.ActiveCfg = Debug|iPhone
		{F123204D-06C0-4D02-AEDE-0AB5EA29510D}.Debug|iPhone.ActiveCfg = Debug|iPhone
		{F123204D-06C0-4D02-AEDE-0AB5EA29510D}.Debug|iPhone.Build.0 = Debug|iPhone
		{F123204D-06C0-4D02-AEDE-0AB5EA29510D}.Debug|iPhoneSimulator.ActiveCfg = Debug|iPhoneSimulator
		{F123204D-06C0-4D02-AEDE-0AB5EA29510D}.Debug|iPhoneSimulator.Build.0 = Debug|iPhoneSimulator
		{F123204D-06C0-4D02-AEDE-0AB5EA29510D}.Debug|x64.ActiveCfg = Debug|iPhone
		{F123204D-06C0-4D02-AEDE-0AB5EA29510D}.Debug|x86.ActiveCfg = Debug|iPhone
		{F123204D-06C0-4D02-AEDE-0AB5EA29510D}.Release|Any CPU.ActiveCfg = Release|iPhone
		{F123204D-06C0-4D02-AEDE-0AB5EA29510D}.Release|ARM.ActiveCfg = Release|iPhone
		{F123204D-06C0-4D02-AEDE-0AB5EA29510D}.Release|iPhone.ActiveCfg = Release|iPhone
		{F123204D-06C0-4D02-AEDE-0AB5EA29510D}.Release|iPhone.Build.0 = Release|iPhone
		{F123204D-06C0-4D02-AEDE-0AB5EA29510D}.Release|iPhoneSimulator.ActiveCfg = Release|iPhoneSimulator
		{F123204D-06C0-4D02-AEDE-0AB5EA29510D}.Release|iPhoneSimulator.Build.0 = Release|iPhoneSimulator
		{F123204D-06C0-4D02-AEDE-0AB5EA29510D}.Release|x64.ActiveCfg = Release|iPhone
		{F123204D-06C0-4D02-AEDE-0AB5EA29510D}.Release|x86.ActiveCfg = Release|iPhone
	EndGlobalSection
	GlobalSection(SolutionProperties) = preSolution
		HideSolutionNode = FALSE
	EndGlobalSection
EndGlobal
